
Microsoft Visual Studio Solution File, Format Version 12.00
# Visual Studio Version 16
VisualStudioVersion = 16.0.29613.14
MinimumVisualStudioVersion = 10.0.40219.1
Project("{FAE04EC0-301F-11D3-BF4B-00C04F79EFBC}") = "KI-sports", "KI-sports.csproj", "{DA229E45-99FF-4BF2-BC02-CA3074B8A64B}"
EndProject
Global
	GlobalSection(SolutionConfigurationPlatforms) = preSolution
		Debug|Any CPU = Debug|Any CPU
		Release|Any CPU = Release|Any CPU
	EndGlobalSection
	GlobalSection(ProjectConfigurationPlatforms) = postSolution
		{DA229E45-99FF-4BF2-BC02-CA3074B8A64B}.Debug|Any CPU.ActiveCfg = Debug|Any CPU
		{DA229E45-99FF-4BF2-BC02-CA3074B8A64B}.Debug|Any CPU.Build.0 = Debug|Any CPU
		{DA229E45-99FF-4BF2-BC02-CA3074B8A64B}.Release|Any CPU.ActiveCfg = Release|Any CPU
		{DA229E45-99FF-4BF2-BC02-CA3074B8A64B}.Release|Any CPU.Build.0 = Release|Any CPU
	EndGlobalSection
	GlobalSection(SolutionProperties) = preSolution
		HideSolutionNode = FALSE
	EndGlobalSection
	GlobalSection(ExtensibilityGlobals) = postSolution
		SolutionGuid = {534CECBA-8295-430A-AB0D-60B2F21DC790}
	EndGlobalSection
EndGlobal
